
Microsoft Visual Studio Solution File, Format Version 12.00
# Visual Studio Version 17
VisualStudioVersion = 17.4.33103.184
MinimumVisualStudioVersion = 10.0.40219.1
Project("{FAE04EC0-301F-11D3-BF4B-00C04F79EFBC}") = "Calculator", "Calculator\Calculator.csproj", "{C33643DF-BFDA-4657-9F27-61275EE86BE1}"
EndProject
Global
	GlobalSection(SolutionConfigurationPlatforms) = preSolution
		Debug|Any CPU = Debug|Any CPU
		Release|Any CPU = Release|Any CPU
	EndGlobalSection
	GlobalSection(ProjectConfigurationPlatforms) = postSolution
		{C33643DF-BFDA-4657-9F27-61275EE86BE1}.Debug|Any CPU.ActiveCfg = Debug|Any CPU
		{C33643DF-BFDA-4657-9F27-61275EE86BE1}.Debug|Any CPU.Build.0 = Debug|Any CPU
		{C33643DF-BFDA-4657-9F27-61275EE86BE1}.Release|Any CPU.ActiveCfg = Release|Any CPU
		{C33643DF-BFDA-4657-9F27-61275EE86BE1}.Release|Any CPU.Build.0 = Release|Any CPU
	EndGlobalSection
	GlobalSection(SolutionProperties) = preSolution
		HideSolutionNode = FALSE
	EndGlobalSection
	GlobalSection(ExtensibilityGlobals) = postSolution
		SolutionGuid = {680082EE-F207-4461-81DF-58517302F0F6}
	EndGlobalSection
EndGlobal
